
Microsoft Visual Studio Solution File, Format Version 12.00
# Visual Studio Version 17
VisualStudioVersion = 17.7.34031.279
MinimumVisualStudioVersion = 10.0.40219.1
Project("{FAE04EC0-301F-11D3-BF4B-00C04F79EFBC}") = "timgiatritrongmang", "timgiatritrongmang\timgiatritrongmang.csproj", "{438CA7BB-F59F-4780-8A2A-3361973D2D48}"
EndProject
Global
	GlobalSection(SolutionConfigurationPlatforms) = preSolution
		Debug|Any CPU = Debug|Any CPU
		Release|Any CPU = Release|Any CPU
	EndGlobalSection
	GlobalSection(ProjectConfigurationPlatforms) = postSolution
		{438CA7BB-F59F-4780-8A2A-3361973D2D48}.Debug|Any CPU.ActiveCfg = Debug|Any CPU
		{438CA7BB-F59F-4780-8A2A-3361973D2D48}.Debug|Any CPU.Build.0 = Debug|Any CPU
		{438CA7BB-F59F-4780-8A2A-3361973D2D48}.Release|Any CPU.ActiveCfg = Release|Any CPU
		{438CA7BB-F59F-4780-8A2A-3361973D2D48}.Release|Any CPU.Build.0 = Release|Any CPU
	EndGlobalSection
	GlobalSection(SolutionProperties) = preSolution
		HideSolutionNode = FALSE
	EndGlobalSection
	GlobalSection(ExtensibilityGlobals) = postSolution
		SolutionGuid = {B9240A59-1863-4186-8F03-D82EC7394827}
	EndGlobalSection
EndGlobal
